langcode: en
status: true
dependencies:
  module:
    - site_location
    - system
  theme:
    - olivero
id: timezoneblock
theme: olivero
region: content
weight: 0
provider: null
plugin: timezone_block
settings:
  id: timezone_block
  label: 'Timezone block'
  label_display: '0'
  provider: site_location
visibility:
  request_path:
    id: request_path
    negate: true
    pages: "/admin/*\r\n/user/*"
